
Microsoft Visual Studio Solution File, Format Version 12.00
# Visual Studio 15
VisualStudioVersion = 15.0.28307.271
MinimumVisualStudioVersion = 10.0.40219.1
Project("{FAE04EC0-301F-11D3-BF4B-00C04F79EFBC}") = "imageresize", "imageresize\imageresize.csproj", "{79D90BBD-EDED-43D1-8128-5126A8C2E691}"
EndProject
Global
	GlobalSection(SolutionConfigurationPlatforms) = preSolution
		Debug|Any CPU = Debug|Any CPU
		Release|Any CPU = Release|Any CPU
	EndGlobalSection
	GlobalSection(ProjectConfigurationPlatforms) = postSolution
		{79D90BBD-EDED-43D1-8128-5126A8C2E691}.Debug|Any CPU.ActiveCfg = Debug|Any CPU
		{79D90BBD-EDED-43D1-8128-5126A8C2E691}.Debug|Any CPU.Build.0 = Debug|Any CPU
		{79D90BBD-EDED-43D1-8128-5126A8C2E691}.Release|Any CPU.ActiveCfg = Release|Any CPU
		{79D90BBD-EDED-43D1-8128-5126A8C2E691}.Release|Any CPU.Build.0 = Release|Any CPU
	EndGlobalSection
	GlobalSection(SolutionProperties) = preSolution
		HideSolutionNode = FALSE
	EndGlobalSection
	GlobalSection(ExtensibilityGlobals) = postSolution
		SolutionGuid = {213E5ABF-C354-469B-B5FF-2E1D240AA4B3}
	EndGlobalSection
EndGlobal
